// !$*UTF8*$!
{
	archiveVersion = 1;
	classes = {
	};
	objectVersion = 56;
	objects = {

/* Begin PBXBuildFile section */
		822EEC662B9A560F002791CA /* HomeView.swift in Sources */ = {isa = PBXBuildFile; fileRef = 822EEC652B9A560F002791CA /* HomeView.swift */; };
		822EEC692B9A567C002791CA /* Kingfisher in Frameworks */ = {isa = PBXBuildFile; productRef = 822EEC682B9A567C002791CA /* Kingfisher */; };
		822EEC6B2B9A56A5002791CA /* Services.swift in Sources */ = {isa = PBXBuildFile; fileRef = 822EEC6A2B9A56A5002791CA /* Services.swift */; };
		822EEC6D2B9A5706002791CA /* Constants.swift in Sources */ = {isa = PBXBuildFile; fileRef = 822EEC6C2B9A5706002791CA /* Constants.swift */; };
		822EEC732B9A5C97002791CA /* JSONResponse.swift in Sources */ = {isa = PBXBuildFile; fileRef = 822EEC722B9A5C97002791CA /* JSONResponse.swift */; };
		822EEC762B9A5DA3002791CA /* Recipe.swift in Sources */ = {isa = PBXBuildFile; fileRef = 822EEC752B9A5DA3002791CA /* Recipe.swift */; };
		822EEC782B9A5DDC002791CA /* Ingredient.swift in Sources */ = {isa = PBXBuildFile; fileRef = 822EEC772B9A5DDC002791CA /* Ingredient.swift */; };
		822EEC7A2B9A5E01002791CA /* RecipeJSONResponse.swift in Sources */ = {isa = PBXBuildFile; fileRef = 822EEC792B9A5E01002791CA /* RecipeJSONResponse.swift */; };
		822EEC7C2B9A5EC5002791CA /* Meal.swift in Sources */ = {isa = PBXBuildFile; fileRef = 822EEC7B2B9A5EC5002791CA /* Meal.swift */; };
		822EEC7F2B9A5F25002791CA /* MealJSONResponse.swift in Sources */ = {isa = PBXBuildFile; fileRef = 822EEC7E2B9A5F25002791CA /* MealJSONResponse.swift */; };
		822EEC812B9A62D3002791CA /* MealsViewModel.swift in Sources */ = {isa = PBXBuildFile; fileRef = 822EEC802B9A62D3002791CA /* MealsViewModel.swift */; };
		822EEC832B9A639D002791CA /* Urls.swift in Sources */ = {isa = PBXBuildFile; fileRef = 822EEC822B9A639D002791CA /* Urls.swift */; };
		822EEC852B9A73EA002791CA /* ThumbnailRow.swift in Sources */ = {isa = PBXBuildFile; fileRef = 822EEC842B9A73EA002791CA /* ThumbnailRow.swift */; };
		822EEC872B9A76F3002791CA /* RecipeView.swift in Sources */ = {isa = PBXBuildFile; fileRef = 822EEC862B9A76F3002791CA /* RecipeView.swift */; };
		82AA844E2B9A54AC003B2715 /* Fetch_ChallengeApp.swift in Sources */ = {isa = PBXBuildFile; fileRef = 82AA844D2B9A54AC003B2715 /* Fetch_ChallengeApp.swift */; };
		82AA84522B9A54AE003B2715 /* Assets.xcassets in Resources */ = {isa = PBXBuildFile; fileRef = 82AA84512B9A54AE003B2715 /* Assets.xcassets */; };
		82AA84552B9A54AE003B2715 /* Preview Assets.xcassets in Resources */ = {isa = PBXBuildFile; fileRef = 82AA84542B9A54AE003B2715 /* Preview Assets.xcassets */; };
/* End PBXBuildFile section */

/* Begin PBXFileReference section */
		822EEC652B9A560F002791CA /* HomeView.swift */ = {isa = PBXFileReference; lastKnownFileType = sourcecode.swift; path = HomeView.swift; sourceTree = "<group>"; };
		822EEC6A2B9A56A5002791CA /* Services.swift */ = {isa = PBXFileReference; lastKnownFileType = sourcecode.swift; path = Services.swift; sourceTree = "<group>"; };
		822EEC6C2B9A5706002791CA /* Constants.swift */ = {isa = PBXFileReference; lastKnownFileType = sourcecode.swift; path = Constants.swift; sourceTree = "<group>"; };
		822EEC722B9A5C97002791CA /* JSONResponse.swift */ = {isa = PBXFileReference; lastKnownFileType = sourcecode.swift; path = JSONResponse.swift; sourceTree = "<group>"; };
		822EEC752B9A5DA3002791CA /* Recipe.swift */ = {isa = PBXFileReference; lastKnownFileType = sourcecode.swift; path = Recipe.swift; sourceTree = "<group>"; };
		822EEC772B9A5DDC002791CA /* Ingredient.swift */ = {isa = PBXFileReference; lastKnownFileType = sourcecode.swift; path = Ingredient.swift; sourceTree = "<group>"; };
		822EEC792B9A5E01002791CA /* RecipeJSONResponse.swift */ = {isa = PBXFileReference; lastKnownFileType = sourcecode.swift; path = RecipeJSONResponse.swift; sourceTree = "<group>"; };
		822EEC7B2B9A5EC5002791CA /* Meal.swift */ = {isa = PBXFileReference; lastKnownFileType = sourcecode.swift; path = Meal.swift; sourceTree = "<group>"; };
		822EEC7E2B9A5F25002791CA /* MealJSONResponse.swift */ = {isa = PBXFileReference; lastKnownFileType = sourcecode.swift; path = MealJSONResponse.swift; sourceTree = "<group>"; };
		822EEC802B9A62D3002791CA /* MealsViewModel.swift */ = {isa = PBXFileReference; lastKnownFileType = sourcecode.swift; path = MealsViewModel.swift; sourceTree = "<group>"; };
		822EEC822B9A639D002791CA /* Urls.swift */ = {isa = PBXFileReference; lastKnownFileType = sourcecode.swift; path = Urls.swift; sourceTree = "<group>"; };
		822EEC842B9A73EA002791CA /* ThumbnailRow.swift */ = {isa = PBXFileReference; lastKnownFileType = sourcecode.swift; path = ThumbnailRow.swift; sourceTree = "<group>"; };
		822EEC862B9A76F3002791CA /* RecipeView.swift */ = {isa = PBXFileReference; lastKnownFileType = sourcecode.swift; path = RecipeView.swift; sourceTree = "<group>"; };
		82AA844A2B9A54AC003B2715 /* Fetch_Challenge.app */ = {isa = PBXFileReference; explicitFileType = wrapper.application; includeInIndex = 0; path = Fetch_Challenge.app; sourceTree = BUILT_PRODUCTS_DIR; };
		82AA844D2B9A54AC003B2715 /* Fetch_ChallengeApp.swift */ = {isa = PBXFileReference; lastKnownFileType = sourcecode.swift; path = Fetch_ChallengeApp.swift; sourceTree = "<group>"; };
		82AA84512B9A54AE003B2715 /* Assets.xcassets */ = {isa = PBXFileReference; lastKnownFileType = folder.assetcatalog; path = Assets.xcassets; sourceTree = "<group>"; };
		82AA84542B9A54AE003B2715 /* Preview Assets.xcassets */ = {isa = PBXFileReference; lastKnownFileType = folder.assetcatalog; path = "Preview Assets.xcassets"; sourceTree = "<group>"; };
/* End PBXFileReference section */

/* Begin PBXFrameworksBuildPhase section */
		82AA84472B9A54AC003B2715 /* Frameworks */ = {
			isa = PBXFrameworksBuildPhase;
			buildActionMask = 2147483647;
			files = (
				822EEC692B9A567C002791CA /* Kingfisher in Frameworks */,
			);
			runOnlyForDeploymentPostprocessing = 0;
		};
/* End PBXFrameworksBuildPhase section */

/* Begin PBXGroup section */
		822EEC6E2B9A570A002791CA /* Utility */ = {
			isa = PBXGroup;
			children = (
				822EEC6C2B9A5706002791CA /* Constants.swift */,
			);
			path = Utility;
			sourceTree = "<group>";
		};
		822EEC6F2B9A5BB3002791CA /* Models */ = {
			isa = PBXGroup;
			children = (
				822EEC722B9A5C97002791CA /* JSONResponse.swift */,
				822EEC742B9A5D46002791CA /* Recipe */,
				822EEC7D2B9A5F02002791CA /* Meal */,
			);
			path = Models;
			sourceTree = "<group>";
		};
		822EEC702B9A5BEA002791CA /* Network */ = {
			isa = PBXGroup;
			children = (
				822EEC822B9A639D002791CA /* Urls.swift */,
				822EEC6A2B9A56A5002791CA /* Services.swift */,
			);
			path = Network;
			sourceTree = "<group>";
		};
		822EEC712B9A5C1F002791CA /* ViewModels */ = {
			isa = PBXGroup;
			children = (
				822EEC802B9A62D3002791CA /* MealsViewModel.swift */,
			);
			path = ViewModels;
			sourceTree = "<group>";
		};
		822EEC742B9A5D46002791CA /* Recipe */ = {
			isa = PBXGroup;
			children = (
				822EEC752B9A5DA3002791CA /* Recipe.swift */,
				822EEC772B9A5DDC002791CA /* Ingredient.swift */,
				822EEC792B9A5E01002791CA /* RecipeJSONResponse.swift */,
			);
			path = Recipe;
			sourceTree = "<group>";
		};
		822EEC7D2B9A5F02002791CA /* Meal */ = {
			isa = PBXGroup;
			children = (
				822EEC7B2B9A5EC5002791CA /* Meal.swift */,
				822EEC7E2B9A5F25002791CA /* MealJSONResponse.swift */,
			);
			path = Meal;
			sourceTree = "<group>";
		};
		82AA84412B9A54AC003B2715 = {
			isa = PBXGroup;
			children = (
				82AA844C2B9A54AC003B2715 /* Fetch_Challenge */,
				82AA844B2B9A54AC003B2715 /* Products */,
			);
			sourceTree = "<group>";
		};
		82AA844B2B9A54AC003B2715 /* Products */ = {
			isa = PBXGroup;
			children = (
				82AA844A2B9A54AC003B2715 /* Fetch_Challenge.app */,
			);
			name = Products;
			sourceTree = "<group>";
		};
		82AA844C2B9A54AC003B2715 /* Fetch_Challenge */ = {
			isa = PBXGroup;
			children = (
				82AA844D2B9A54AC003B2715 /* Fetch_ChallengeApp.swift */,
				82AA84512B9A54AE003B2715 /* Assets.xcassets */,
				82AA84532B9A54AE003B2715 /* Preview Content */,
				822EEC6F2B9A5BB3002791CA /* Models */,
				82AA845B2B9A5518003B2715 /* Views */,
				822EEC712B9A5C1F002791CA /* ViewModels */,
				822EEC702B9A5BEA002791CA /* Network */,
				822EEC6E2B9A570A002791CA /* Utility */,
			);
			path = Fetch_Challenge;
			sourceTree = "<group>";
		};
		82AA84532B9A54AE003B2715 /* Preview Content */ = {
			isa = PBXGroup;
			children = (
				82AA84542B9A54AE003B2715 /* Preview Assets.xcassets */,
			);
			path = "Preview Content";
			sourceTree = "<group>";
		};
		82AA845B2B9A5518003B2715 /* Views */ = {
			isa = PBXGroup;
			children = (
				822EEC842B9A73EA002791CA /* ThumbnailRow.swift */,
				822EEC652B9A560F002791CA /* HomeView.swift */,
				822EEC862B9A76F3002791CA /* RecipeView.swift */,
			);
			path = Views;
			sourceTree = "<group>";
		};
/* End PBXGroup section */

/* Begin PBXNativeTarget section */
		82AA84492B9A54AC003B2715 /* Fetch_Challenge */ = {
			isa = PBXNativeTarget;
			buildConfigurationList = 82AA84582B9A54AE003B2715 /* Build configuration list for PBXNativeTarget "Fetch_Challenge" */;
			buildPhases = (
				82AA84462B9A54AC003B2715 /* Sources */,
				82AA84472B9A54AC003B2715 /* Frameworks */,
				82AA84482B9A54AC003B2715 /* Resources */,
			);
			buildRules = (
			);
			dependencies = (
			);
			name = Fetch_Challenge;
			packageProductDependencies = (
				822EEC682B9A567C002791CA /* Kingfisher */,
			);
			productName = Fetch_Challenge;
			productReference = 82AA844A2B9A54AC003B2715 /* Fetch_Challenge.app */;
			productType = "com.apple.product-type.application";
		};
/* End PBXNativeTarget section */

/* Begin PBXProject section */
		82AA84422B9A54AC003B2715 /* Project object */ = {
			isa = PBXProject;
			attributes = {
				BuildIndependentTargetsInParallel = 1;
				LastSwiftUpdateCheck = 1530;
				LastUpgradeCheck = 1530;
				TargetAttributes = {
					82AA84492B9A54AC003B2715 = {
						CreatedOnToolsVersion = 15.3;
					};
				};
			};
			buildConfigurationList = 82AA84452B9A54AC003B2715 /* Build configuration list for PBXProject "Fetch_Challenge" */;
			compatibilityVersion = "Xcode 14.0";
			developmentRegion = en;
			hasScannedForEncodings = 0;
			knownRegions = (
				en,
				Base,
			);
			mainGroup = 82AA84412B9A54AC003B2715;
			packageReferences = (
				822EEC672B9A567C002791CA /* XCRemoteSwiftPackageReference "Kingfisher" */,
			);
			productRefGroup = 82AA844B2B9A54AC003B2715 /* Products */;
			projectDirPath = "";
			projectRoot = "";
			targets = (
				82AA84492B9A54AC003B2715 /* Fetch_Challenge */,
			);
		};
/* End PBXProject section */

/* Begin PBXResourcesBuildPhase section */
		82AA84482B9A54AC003B2715 /* Resources */ = {
			isa = PBXResourcesBuildPhase;
			buildActionMask = 2147483647;
			files = (
				82AA84552B9A54AE003B2715 /* Preview Assets.xcassets in Resources */,
				82AA84522B9A54AE003B2715 /* Assets.xcassets in Resources */,
			);
			runOnlyForDeploymentPostprocessing = 0;
		};
/* End PBXResourcesBuildPhase section */

/* Begin PBXSourcesBuildPhase section */
		82AA84462B9A54AC003B2715 /* Sources */ = {
			isa = PBXSourcesBuildPhase;
			buildActionMask = 2147483647;
			files = (
				822EEC6D2B9A5706002791CA /* Constants.swift in Sources */,
				822EEC852B9A73EA002791CA /* ThumbnailRow.swift in Sources */,
				822EEC662B9A560F002791CA /* HomeView.swift in Sources */,
				822EEC782B9A5DDC002791CA /* Ingredient.swift in Sources */,
				822EEC832B9A639D002791CA /* Urls.swift in Sources */,
				822EEC6B2B9A56A5002791CA /* Services.swift in Sources */,
				822EEC7C2B9A5EC5002791CA /* Meal.swift in Sources */,
				822EEC7F2B9A5F25002791CA /* MealJSONResponse.swift in Sources */,
				822EEC7A2B9A5E01002791CA /* RecipeJSONResponse.swift in Sources */,
				822EEC762B9A5DA3002791CA /* Recipe.swift in Sources */,
				822EEC872B9A76F3002791CA /* RecipeView.swift in Sources */,
				822EEC732B9A5C97002791CA /* JSONResponse.swift in Sources */,
				82AA844E2B9A54AC003B2715 /* Fetch_ChallengeApp.swift in Sources */,
				822EEC812B9A62D3002791CA /* MealsViewModel.swift in Sources */,
			);
			runOnlyForDeploymentPostprocessing = 0;
		};
/* End PBXSourcesBuildPhase section */

/* Begin XCBuildConfiguration section */
		82AA84562B9A54AE003B2715 /* Debug */ = {
			isa = XCBuildConfiguration;
			buildSettings = {
				ALWAYS_SEARCH_USER_PATHS = NO;
				ASSETCATALOG_COMPILER_GENERATE_SWIFT_ASSET_SYMBOL_EXTENSIONS = YES;
				CLANG_ANALYZER_NONNULL = YES;
				CLANG_ANALYZER_NUMBER_OBJECT_CONVERSION = YES_AGGRESSIVE;
				CLANG_CXX_LANGUAGE_STANDARD = "gnu++20";
				CLANG_ENABLE_MODULES = YES;
				CLANG_ENABLE_OBJC_ARC = YES;
				CLANG_ENABLE_OBJC_WEAK = YES;
				CLANG_WARN_BLOCK_CAPTURE_AUTORELEASING = YES;
				CLANG_WARN_BOOL_CONVERSION = YES;
				CLANG_WARN_COMMA = YES;
				CLANG_WARN_CONSTANT_CONVERSION = YES;
				CLANG_WARN_DEPRECATED_OBJC_IMPLEMENTATIONS = YES;
				CLANG_WARN_DIRECT_OBJC_ISA_USAGE = YES_ERROR;
				CLANG_WARN_DOCUMENTATION_COMMENTS = YES;
				CLANG_WARN_EMPTY_BODY = YES;
				CLANG_WARN_ENUM_CONVERSION = YES;
				CLANG_WARN_INFINITE_RECURSION = YES;
				CLANG_WARN_INT_CONVERSION = YES;
				CLANG_WARN_NON_LITERAL_NULL_CONVERSION = YES;
				CLANG_WARN_OBJC_IMPLICIT_RETAIN_SELF = YES;
				CLANG_WARN_OBJC_LITERAL_CONVERSION = YES;
				CLANG_WARN_OBJC_ROOT_CLASS = YES_ERROR;
				CLANG_WARN_QUOTED_INCLUDE_IN_FRAMEWORK_HEADER = YES;
				CLANG_WARN_RANGE_LOOP_ANALYSIS = YES;
				CLANG_WARN_STRICT_PROTOTYPES = YES;
				CLANG_WARN_SUSPICIOUS_MOVE = YES;
				CLANG_WARN_UNGUARDED_AVAILABILITY = YES_AGGRESSIVE;
				CLANG_WARN_UNREACHABLE_CODE = YES;
				CLANG_WARN__DUPLICATE_METHOD_MATCH = YES;
				COPY_PHASE_STRIP = NO;
				DEBUG_INFORMATION_FORMAT = dwarf;
				ENABLE_STRICT_OBJC_MSGSEND = YES;
				ENABLE_TESTABILITY = YES;
				ENABLE_USER_SCRIPT_SANDBOXING = YES;
				GCC_C_LANGUAGE_STANDARD = gnu17;
				GCC_DYNAMIC_NO_PIC = NO;
				GCC_NO_COMMON_BLOCKS = YES;
				GCC_OPTIMIZATION_LEVEL = 0;
				GCC_PREPROCESSOR_DEFINITIONS = (
					"DEBUG=1",
					"$(inherited)",
				);
				GCC_WARN_64_TO_32_BIT_CONVERSION = YES;
				GCC_WARN_ABOUT_RETURN_TYPE = YES_ERROR;
				GCC_WARN_UNDECLARED_SELECTOR = YES;
				GCC_WARN_UNINITIALIZED_AUTOS = YES_AGGRESSIVE;
				GCC_WARN_UNUSED_FUNCTION = YES;
				GCC_WARN_UNUSED_VARIABLE = YES;
				IPHONEOS_DEPLOYMENT_TARGET = 17.4;
				LOCALIZATION_PREFERS_STRING_CATALOGS = YES;
				MTL_ENABLE_DEBUG_INFO = INCLUDE_SOURCE;
				MTL_FAST_MATH = YES;
				ONLY_ACTIVE_ARCH = YES;
				SDKROOT = iphoneos;
				SWIFT_ACTIVE_COMPILATION_CONDITIONS = "DEBUG $(inherited)";
				SWIFT_OPTIMIZATION_LEVEL = "-Onone";
			};
			name = Debug;
		};
		82AA84572B9A54AE003B2715 /* Release */ = {
			isa = XCBuildConfiguration;
			buildSettings = {
				ALWAYS_SEARCH_USER_PATHS = NO;
				ASSETCATALOG_COMPILER_GENERATE_SWIFT_ASSET_SYMBOL_EXTENSIONS = YES;
				CLANG_ANALYZER_NONNULL = YES;
				CLANG_ANALYZER_NUMBER_OBJECT_CONVERSION = YES_AGGRESSIVE;
				CLANG_CXX_LANGUAGE_STANDARD = "gnu++20";
				CLANG_ENABLE_MODULES = YES;
				CLANG_ENABLE_OBJC_ARC = YES;
				CLANG_ENABLE_OBJC_WEAK = YES;
				CLANG_WARN_BLOCK_CAPTURE_AUTORELEASING = YES;
				CLANG_WARN_BOOL_CONVERSION = YES;
				CLANG_WARN_COMMA = YES;
				CLANG_WARN_CONSTANT_CONVERSION = YES;
				CLANG_WARN_DEPRECATED_OBJC_IMPLEMENTATIONS = YES;
				CLANG_WARN_DIRECT_OBJC_ISA_USAGE = YES_ERROR;
				CLANG_WARN_DOCUMENTATION_COMMENTS = YES;
				CLANG_WARN_EMPTY_BODY = YES;
				CLANG_WARN_ENUM_CONVERSION = YES;
				CLANG_WARN_INFINITE_RECURSION = YES;
				CLANG_WARN_INT_CONVERSION = YES;
				CLANG_WARN_NON_LITERAL_NULL_CONVERSION = YES;
				CLANG_WARN_OBJC_IMPLICIT_RETAIN_SELF = YES;
				CLANG_WARN_OBJC_LITERAL_CONVERSION = YES;
				CLANG_WARN_OBJC_ROOT_CLASS = YES_ERROR;
				CLANG_WARN_QUOTED_INCLUDE_IN_FRAMEWORK_HEADER = YES;
				CLANG_WARN_RANGE_LOOP_ANALYSIS = YES;
				CLANG_WARN_STRICT_PROTOTYPES = YES;
				CLANG_WARN_SUSPICIOUS_MOVE = YES;
				CLANG_WARN_UNGUARDED_AVAILABILITY = YES_AGGRESSIVE;
				CLANG_WARN_UNREACHABLE_CODE = YES;
				CLANG_WARN__DUPLICATE_METHOD_MATCH = YES;
				COPY_PHASE_STRIP = NO;
				DEBUG_INFORMATION_FORMAT = "dwarf-with-dsym";
				ENABLE_NS_ASSERTIONS = NO;
				ENABLE_STRICT_OBJC_MSGSEND = YES;
				ENABLE_USER_SCRIPT_SANDBOXING = YES;
				GCC_C_LANGUAGE_STANDARD = gnu17;
				GCC_NO_COMMON_BLOCKS = YES;
				GCC_WARN_64_TO_32_BIT_CONVERSION = YES;
				GCC_WARN_ABOUT_RETURN_TYPE = YES_ERROR;
				GCC_WARN_UNDECLARED_SELECTOR = YES;
				GCC_WARN_UNINITIALIZED_AUTOS = YES_AGGRESSIVE;
				GCC_WARN_UNUSED_FUNCTION = YES;
				GCC_WARN_UNUSED_VARIABLE = YES;
				IPHONEOS_DEPLOYMENT_TARGET = 17.4;
				LOCALIZATION_PREFERS_STRING_CATALOGS = YES;
				MTL_ENABLE_DEBUG_INFO = NO;
				MTL_FAST_MATH = YES;
				SDKROOT = iphoneos;
				SWIFT_COMPILATION_MODE = wholemodule;
				VALIDATE_PRODUCT = YES;
			};
			name = Release;
		};
		82AA84592B9A54AE003B2715 /* Debug */ = {
			isa = XCBuildConfiguration;
			buildSettings = {
				ASSETCATALOG_COMPILER_APPICON_NAME = AppIcon;
				ASSETCATALOG_COMPILER_GLOBAL_ACCENT_COLOR_NAME = AccentColor;
				CODE_SIGN_STYLE = Automatic;
				CURRENT_PROJECT_VERSION = 1;
				DEVELOPMENT_ASSET_PATHS = "\"Fetch_Challenge/Preview Content\"";
				DEVELOPMENT_TEAM = CZSSRHPM2D;
				ENABLE_PREVIEWS = YES;
				GENERATE_INFOPLIST_FILE = YES;
				INFOPLIST_KEY_UIApplicationSceneManifest_Generation = YES;
				INFOPLIST_KEY_UIApplicationSupportsIndirectInputEvents = YES;
				INFOPLIST_KEY_UILaunchScreen_Generation = YES;
				INFOPLIST_KEY_UISupportedInterfaceOrientations_iPad = "UIInterfaceOrientationPortrait UIInterfaceOrientationPortraitUpsideDown UIInterfaceOrientationLandscapeLeft UIInterfaceOrientationLandscapeRight";
				INFOPLIST_KEY_UISupportedInterfaceOrientations_iPhone = "UIInterfaceOrientationPortrait UIInterfaceOrientationLandscapeLeft UIInterfaceOrientationLandscapeRight";
				LD_RUNPATH_SEARCH_PATHS = (
					"$(inherited)",
					"@executable_path/Frameworks",
				);
				MARKETING_VERSION = 1.0;
				PRODUCT_BUNDLE_IDENTIFIER = "Khang.Fetch-Challenge";
				PRODUCT_NAME = "$(TARGET_NAME)";
				SWIFT_EMIT_LOC_STRINGS = YES;
				SWIFT_VERSION = 5.0;
				TARGETED_DEVICE_FAMILY = "1,2";
			};
			name = Debug;
		};
		82AA845A2B9A54AE003B2715 /* Release */ = {
			isa = XCBuildConfiguration;
			buildSettings = {
				ASSETCATALOG_COMPILER_APPICON_NAME = AppIcon;
				ASSETCATALOG_COMPILER_GLOBAL_ACCENT_COLOR_NAME = AccentColor;
				CODE_SIGN_STYLE = Automatic;
				CURRENT_PROJECT_VERSION = 1;
				DEVELOPMENT_ASSET_PATHS = "\"Fetch_Challenge/Preview Content\"";
				DEVELOPMENT_TEAM = CZSSRHPM2D;
				ENABLE_PREVIEWS = YES;
				GENERATE_INFOPLIST_FILE = YES;
				INFOPLIST_KEY_UIApplicationSceneManifest_Generation = YES;
				INFOPLIST_KEY_UIApplicationSupportsIndirectInputEvents = YES;
				INFOPLIST_KEY_UILaunchScreen_Generation = YES;
				INFOPLIST_KEY_UISupportedInterfaceOrientations_iPad = "UIInterfaceOrientationPortrait UIInterfaceOrientationPortraitUpsideDown UIInterfaceOrientationLandscapeLeft UIInterfaceOrientationLandscapeRight";
				INFOPLIST_KEY_UISupportedInterfaceOrientations_iPhone = "UIInterfaceOrientationPortrait UIInterfaceOrientationLandscapeLeft UIInterfaceOrientationLandscapeRight";
				LD_RUNPATH_SEARCH_PATHS = (
					"$(inherited)",
					"@executable_path/Frameworks",
				);
				MARKETING_VERSION = 1.0;
				PRODUCT_BUNDLE_IDENTIFIER = "Khang.Fetch-Challenge";
				PRODUCT_NAME = "$(TARGET_NAME)";
				SWIFT_EMIT_LOC_STRINGS = YES;
				SWIFT_VERSION = 5.0;
				TARGETED_DEVICE_FAMILY = "1,2";
			};
			name = Release;
		};
/* End XCBuildConfiguration section */

/* Begin XCConfigurationList section */
		82AA84452B9A54AC003B2715 /* Build configuration list for PBXProject "Fetch_Challenge" */ = {
			isa = XCConfigurationList;
			buildConfigurations = (
				82AA84562B9A54AE003B2715 /* Debug */,
				82AA84572B9A54AE003B2715 /* Release */,
			);
			defaultConfigurationIsVisible = 0;
			defaultConfigurationName = Release;
		};
		82AA84582B9A54AE003B2715 /* Build configuration list for PBXNativeTarget "Fetch_Challenge" */ = {
			isa = XCConfigurationList;
			buildConfigurations = (
				82AA84592B9A54AE003B2715 /* Debug */,
				82AA845A2B9A54AE003B2715 /* Release */,
			);
			defaultConfigurationIsVisible = 0;
			defaultConfigurationName = Release;
		};
/* End XCConfigurationList section */

/* Begin XCRemoteSwiftPackageReference section */
		822EEC672B9A567C002791CA /* XCRemoteSwiftPackageReference "Kingfisher" */ = {
			isa = XCRemoteSwiftPackageReference;
			repositoryURL = "https://github.com/onevcat/Kingfisher.git";
			requirement = {
				kind = upToNextMajorVersion;
				minimumVersion = 7.11.0;
			};
		};
/* End XCRemoteSwiftPackageReference section */

/* Begin XCSwiftPackageProductDependency section */
		822EEC682B9A567C002791CA /* Kingfisher */ = {
			isa = XCSwiftPackageProductDependency;
			package = 822EEC672B9A567C002791CA /* XCRemoteSwiftPackageReference "Kingfisher" */;
			productName = Kingfisher;
		};
/* End XCSwiftPackageProductDependency section */
	};
	rootObject = 82AA84422B9A54AC003B2715 /* Project object */;
}
